// !$*UTF8*$!
{
	archiveVersion = 1;
	classes = {
	};
	objectVersion = 46;
	objects = {

/* Begin PBXBuildFile section */
		40C378D3C408D0F249458114 /* libPods-UnitTest_Intro_TestsForKiwi.a in Frameworks */ = {isa = PBXBuildFile; fileRef = A5A243A6AA408CF379744484 /* libPods-UnitTest_Intro_TestsForKiwi.a */; };
		E71ABD3A1CBF75CC002FA3DA /* main.m in Sources */ = {isa = PBXBuildFile; fileRef = E71ABD391CBF75CC002FA3DA /* main.m */; };
		E71ABD3D1CBF75CC002FA3DA /* AppDelegate.m in Sources */ = {isa = PBXBuildFile; fileRef = E71ABD3C1CBF75CC002FA3DA /* AppDelegate.m */; };
		E71ABD401CBF75CC002FA3DA /* ViewController.m in Sources */ = {isa = PBXBuildFile; fileRef = E71ABD3F1CBF75CC002FA3DA /* ViewController.m */; };
		E71ABD431CBF75CC002FA3DA /* Main.storyboard in Resources */ = {isa = PBXBuildFile; fileRef = E71ABD411CBF75CC002FA3DA /* Main.storyboard */; };
		E71ABD451CBF75CC002FA3DA /* Assets.xcassets in Resources */ = {isa = PBXBuildFile; fileRef = E71ABD441CBF75CC002FA3DA /* Assets.xcassets */; };
		E71ABD481CBF75CC002FA3DA /* LaunchScreen.storyboard in Resources */ = {isa = PBXBuildFile; fileRef = E71ABD461CBF75CC002FA3DA /* LaunchScreen.storyboard */; };
		E71ABD511CBF7603002FA3DA /* CreateEditNoteController.m in Sources */ = {isa = PBXBuildFile; fileRef = E71ABD501CBF7603002FA3DA /* CreateEditNoteController.m */; };
		EB01DDCF1CC03A9800EC4F7D /* UnitTest_Intro_TestsForKiwi.m in Sources */ = {isa = PBXBuildFile; fileRef = EB01DDCE1CC03A9800EC4F7D /* UnitTest_Intro_TestsForKiwi.m */; };
		EB8503F01CC03D7300A725B5 /* SampleSpec.m in Sources */ = {isa = PBXBuildFile; fileRef = EB8503EF1CC03D7300A725B5 /* SampleSpec.m */; };
/* End PBXBuildFile section */

/* Begin PBXContainerItemProxy section */
		EB01DDD11CC03A9800EC4F7D /* PBXContainerItemProxy */ = {
			isa = PBXContainerItemProxy;
			containerPortal = E71ABD2D1CBF75CC002FA3DA /* Project object */;
			proxyType = 1;
			remoteGlobalIDString = E71ABD341CBF75CC002FA3DA;
			remoteInfo = UnitTest_Intro;
		};
/* End PBXContainerItemProxy section */

/* Begin PBXFileReference section */
		5D028D85444C357C9A5214D1 /* Pods-UnitTest_Intro_TestsForKiwi.release.xcconfig */ = {isa = PBXFileReference; includeInIndex = 1; lastKnownFileType = text.xcconfig; name = "Pods-UnitTest_Intro_TestsForKiwi.release.xcconfig"; path = "Pods/Target Support Files/Pods-UnitTest_Intro_TestsForKiwi/Pods-UnitTest_Intro_TestsForKiwi.release.xcconfig"; sourceTree = "<group>"; };
		A5A243A6AA408CF379744484 /* libPods-UnitTest_Intro_TestsForKiwi.a */ = {isa = PBXFileReference; explicitFileType = archive.ar; includeInIndex = 0; path = "libPods-UnitTest_Intro_TestsForKiwi.a"; sourceTree = BUILT_PRODUCTS_DIR; };
		DEFFE287A32C953CE3A9350C /* Pods-UnitTest_Intro_TestsForKiwi.debug.xcconfig */ = {isa = PBXFileReference; includeInIndex = 1; lastKnownFileType = text.xcconfig; name = "Pods-UnitTest_Intro_TestsForKiwi.debug.xcconfig"; path = "Pods/Target Support Files/Pods-UnitTest_Intro_TestsForKiwi/Pods-UnitTest_Intro_TestsForKiwi.debug.xcconfig"; sourceTree = "<group>"; };
		E71ABD351CBF75CC002FA3DA /* UnitTest_Intro.app */ = {isa = PBXFileReference; explicitFileType = wrapper.application; includeInIndex = 0; path = UnitTest_Intro.app; sourceTree = BUILT_PRODUCTS_DIR; };
		E71ABD391CBF75CC002FA3DA /* main.m */ = {isa = PBXFileReference; lastKnownFileType = sourcecode.c.objc; path = main.m; sourceTree = "<group>"; };
		E71ABD3B1CBF75CC002FA3DA /* AppDelegate.h */ = {isa = PBXFileReference; lastKnownFileType = sourcecode.c.h; path = AppDelegate.h; sourceTree = "<group>"; };
		E71ABD3C1CBF75CC002FA3DA /* AppDelegate.m */ = {isa = PBXFileReference; lastKnownFileType = sourcecode.c.objc; path = AppDelegate.m; sourceTree = "<group>"; };
		E71ABD3E1CBF75CC002FA3DA /* ViewController.h */ = {isa = PBXFileReference; lastKnownFileType = sourcecode.c.h; path = ViewController.h; sourceTree = "<group>"; };
		E71ABD3F1CBF75CC002FA3DA /* ViewController.m */ = {isa = PBXFileReference; lastKnownFileType = sourcecode.c.objc; path = ViewController.m; sourceTree = "<group>"; };
		E71ABD421CBF75CC002FA3DA /* Base */ = {isa = PBXFileReference; lastKnownFileType = file.storyboard; name = Base; path = Base.lproj/Main.storyboard; sourceTree = "<group>"; };
		E71ABD441CBF75CC002FA3DA /* Assets.xcassets */ = {isa = PBXFileReference; lastKnownFileType = folder.assetcatalog; path = Assets.xcassets; sourceTree = "<group>"; };
		E71ABD471CBF75CC002FA3DA /* Base */ = {isa = PBXFileReference; lastKnownFileType = file.storyboard; name = Base; path = Base.lproj/LaunchScreen.storyboard; sourceTree = "<group>"; };
		E71ABD491CBF75CC002FA3DA /* Info.plist */ = {isa = PBXFileReference; lastKnownFileType = text.plist.xml; path = Info.plist; sourceTree = "<group>"; };
		E71ABD4F1CBF7603002FA3DA /* CreateEditNoteController.h */ = {isa = PBXFileReference; fileEncoding = 4; lastKnownFileType = sourcecode.c.h; path = CreateEditNoteController.h; sourceTree = "<group>"; };
		E71ABD501CBF7603002FA3DA /* CreateEditNoteController.m */ = {isa = PBXFileReference; fileEncoding = 4; lastKnownFileType = sourcecode.c.objc; path = CreateEditNoteController.m; sourceTree = "<group>"; };
		EB01DDCC1CC03A9800EC4F7D /* UnitTest_Intro_TestsForKiwi.xctest */ = {isa = PBXFileReference; explicitFileType = wrapper.cfbundle; includeInIndex = 0; path = UnitTest_Intro_TestsForKiwi.xctest; sourceTree = BUILT_PRODUCTS_DIR; };
		EB01DDCE1CC03A9800EC4F7D /* UnitTest_Intro_TestsForKiwi.m */ = {isa = PBXFileReference; lastKnownFileType = sourcecode.c.objc; path = UnitTest_Intro_TestsForKiwi.m; sourceTree = "<group>"; };
		EB01DDD01CC03A9800EC4F7D /* Info.plist */ = {isa = PBXFileReference; lastKnownFileType = text.plist.xml; path = Info.plist; sourceTree = "<group>"; };
		EB8503EF1CC03D7300A725B5 /* SampleSpec.m */ = {isa = PBXFileReference; fileEncoding = 4; lastKnownFileType = sourcecode.c.objc; name = SampleSpec.m; path = ../SampleSpec.m; sourceTree = "<group>"; };
/* End PBXFileReference section */

/* Begin PBXFrameworksBuildPhase section */
		E71ABD321CBF75CC002FA3DA /* Frameworks */ = {
			isa = PBXFrameworksBuildPhase;
			buildActionMask = 2147483647;
			files = (
			);
			runOnlyForDeploymentPostprocessing = 0;
		};
		EB01DDC91CC03A9800EC4F7D /* Frameworks */ = {
			isa = PBXFrameworksBuildPhase;
			buildActionMask = 2147483647;
			files = (
				40C378D3C408D0F249458114 /* libPods-UnitTest_Intro_TestsForKiwi.a in Frameworks */,
			);
			runOnlyForDeploymentPostprocessing = 0;
		};
/* End PBXFrameworksBuildPhase section */

/* Begin PBXGroup section */
		2C06D352EFF785AE955750FF /* Pods */ = {
			isa = PBXGroup;
			children = (
				DEFFE287A32C953CE3A9350C /* Pods-UnitTest_Intro_TestsForKiwi.debug.xcconfig */,
				5D028D85444C357C9A5214D1 /* Pods-UnitTest_Intro_TestsForKiwi.release.xcconfig */,
			);
			name = Pods;
			sourceTree = "<group>";
		};
		476E75C9DF8FC3D18D44B231 /* Frameworks */ = {
			isa = PBXGroup;
			children = (
				A5A243A6AA408CF379744484 /* libPods-UnitTest_Intro_TestsForKiwi.a */,
			);
			name = Frameworks;
			sourceTree = "<group>";
		};
		E71ABD2C1CBF75CC002FA3DA = {
			isa = PBXGroup;
			children = (
				E71ABD371CBF75CC002FA3DA /* UnitTest_Intro */,
				EB01DDCD1CC03A9800EC4F7D /* UnitTest_Intro_TestsForKiwi */,
				E71ABD361CBF75CC002FA3DA /* Products */,
				2C06D352EFF785AE955750FF /* Pods */,
				476E75C9DF8FC3D18D44B231 /* Frameworks */,
			);
			sourceTree = "<group>";
		};
		E71ABD361CBF75CC002FA3DA /* Products */ = {
			isa = PBXGroup;
			children = (
				E71ABD351CBF75CC002FA3DA /* UnitTest_Intro.app */,
				EB01DDCC1CC03A9800EC4F7D /* UnitTest_Intro_TestsForKiwi.xctest */,
			);
			name = Products;
			sourceTree = "<group>";
		};
		E71ABD371CBF75CC002FA3DA /* UnitTest_Intro */ = {
			isa = PBXGroup;
			children = (
				E71ABD3B1CBF75CC002FA3DA /* AppDelegate.h */,
				E71ABD3C1CBF75CC002FA3DA /* AppDelegate.m */,
				E71ABD3E1CBF75CC002FA3DA /* ViewController.h */,
				E71ABD3F1CBF75CC002FA3DA /* ViewController.m */,
				E71ABD4F1CBF7603002FA3DA /* CreateEditNoteController.h */,
				E71ABD501CBF7603002FA3DA /* CreateEditNoteController.m */,
				E71ABD411CBF75CC002FA3DA /* Main.storyboard */,
				E71ABD441CBF75CC002FA3DA /* Assets.xcassets */,
				E71ABD461CBF75CC002FA3DA /* LaunchScreen.storyboard */,
				E71ABD491CBF75CC002FA3DA /* Info.plist */,
				E71ABD381CBF75CC002FA3DA /* Supporting Files */,
			);
			path = UnitTest_Intro;
			sourceTree = "<group>";
		};
		E71ABD381CBF75CC002FA3DA /* Supporting Files */ = {
			isa = PBXGroup;
			children = (
				E71ABD391CBF75CC002FA3DA /* main.m */,
			);
			name = "Supporting Files";
			sourceTree = "<group>";
		};
		EB01DDCD1CC03A9800EC4F7D /* UnitTest_Intro_TestsForKiwi */ = {
			isa = PBXGroup;
			children = (
				EB01DDCE1CC03A9800EC4F7D /* UnitTest_Intro_TestsForKiwi.m */,
				EB8503EF1CC03D7300A725B5 /* SampleSpec.m */,
				EB01DDD01CC03A9800EC4F7D /* Info.plist */,
			);
			path = UnitTest_Intro_TestsForKiwi;
			sourceTree = "<group>";
		};
/* End PBXGroup section */

/* Begin PBXNativeTarget section */
		E71ABD341CBF75CC002FA3DA /* UnitTest_Intro */ = {
			isa = PBXNativeTarget;
			buildConfigurationList = E71ABD4C1CBF75CC002FA3DA /* Build configuration list for PBXNativeTarget "UnitTest_Intro" */;
			buildPhases = (
				E71ABD311CBF75CC002FA3DA /* Sources */,
				E71ABD321CBF75CC002FA3DA /* Frameworks */,
				E71ABD331CBF75CC002FA3DA /* Resources */,
			);
			buildRules = (
			);
			dependencies = (
			);
			name = UnitTest_Intro;
			productName = UnitTest_Intro;
			productReference = E71ABD351CBF75CC002FA3DA /* UnitTest_Intro.app */;
			productType = "com.apple.product-type.application";
		};
		EB01DDCB1CC03A9800EC4F7D /* UnitTest_Intro_TestsForKiwi */ = {
			isa = PBXNativeTarget;
			buildConfigurationList = EB01DDD51CC03A9800EC4F7D /* Build configuration list for PBXNativeTarget "UnitTest_Intro_TestsForKiwi" */;
			buildPhases = (
				7529460CB97C73B65827442B /* Check Pods Manifest.lock */,
				EB01DDC81CC03A9800EC4F7D /* Sources */,
				EB01DDC91CC03A9800EC4F7D /* Frameworks */,
				EB01DDCA1CC03A9800EC4F7D /* Resources */,
				9207C35F87BF98D149420DC6 /* Embed Pods Frameworks */,
				D3E45C42D30A171EBDA71BC1 /* Copy Pods Resources */,
			);
			buildRules = (
			);
			dependencies = (
				EB01DDD21CC03A9800EC4F7D /* PBXTargetDependency */,
			);
			name = UnitTest_Intro_TestsForKiwi;
			productName = UnitTest_Intro_TestsForKiwi;
			productReference = EB01DDCC1CC03A9800EC4F7D /* UnitTest_Intro_TestsForKiwi.xctest */;
			productType = "com.apple.product-type.bundle.unit-test";
		};
/* End PBXNativeTarget section */

/* Begin PBXProject section */
		E71ABD2D1CBF75CC002FA3DA /* Project object */ = {
			isa = PBXProject;
			attributes = {
				LastUpgradeCheck = 0730;
				ORGANIZATIONNAME = Epam.com;
				TargetAttributes = {
					E71ABD341CBF75CC002FA3DA = {
						CreatedOnToolsVersion = 7.3;
					};
					EB01DDCB1CC03A9800EC4F7D = {
						CreatedOnToolsVersion = 7.3;
						DevelopmentTeam = 6ZKC3V95DT;
						TestTargetID = E71ABD341CBF75CC002FA3DA;
					};
				};
			};
			buildConfigurationList = E71ABD301CBF75CC002FA3DA /* Build configuration list for PBXProject "UnitTest_Intro" */;
			compatibilityVersion = "Xcode 3.2";
			developmentRegion = English;
			hasScannedForEncodings = 0;
			knownRegions = (
				en,
				Base,
			);
			mainGroup = E71ABD2C1CBF75CC002FA3DA;
			productRefGroup = E71ABD361CBF75CC002FA3DA /* Products */;
			projectDirPath = "";
			projectRoot = "";
			targets = (
				E71ABD341CBF75CC002FA3DA /* UnitTest_Intro */,
				EB01DDCB1CC03A9800EC4F7D /* UnitTest_Intro_TestsForKiwi */,
			);
		};
/* End PBXProject section */

/* Begin PBXResourcesBuildPhase section */
		E71ABD331CBF75CC002FA3DA /* Resources */ = {
			isa = PBXResourcesBuildPhase;
			buildActionMask = 2147483647;
			files = (
				E71ABD481CBF75CC002FA3DA /* LaunchScreen.storyboard in Resources */,
				E71ABD451CBF75CC002FA3DA /* Assets.xcassets in Resources */,
				E71ABD431CBF75CC002FA3DA /* Main.storyboard in Resources */,
			);
			runOnlyForDeploymentPostprocessing = 0;
		};
		EB01DDCA1CC03A9800EC4F7D /* Resources */ = {
			isa = PBXResourcesBuildPhase;
			buildActionMask = 2147483647;
			files = (
			);
			runOnlyForDeploymentPostprocessing = 0;
		};
/* End PBXResourcesBuildPhase section */

/* Begin PBXShellScriptBuildPhase section */
		7529460CB97C73B65827442B /* Check Pods Manifest.lock */ = {
			isa = PBXShellScriptBuildPhase;
			buildActionMask = 2147483647;
			files = (
			);
			inputPaths = (
			);
			name = "Check Pods Manifest.lock";
			outputPaths = (
			);
			runOnlyForDeploymentPostprocessing = 0;
			shellPath = /bin/sh;
			shellScript = "diff \"${PODS_ROOT}/../Podfile.lock\" \"${PODS_ROOT}/Manifest.lock\" > /dev/null\nif [[ $? != 0 ]] ; then\n    cat << EOM\nerror: The sandbox is not in sync with the Podfile.lock. Run 'pod install' or update your CocoaPods installation.\nEOM\n    exit 1\nfi\n";
			showEnvVarsInLog = 0;
		};
		9207C35F87BF98D149420DC6 /* Embed Pods Frameworks */ = {
			isa = PBXShellScriptBuildPhase;
			buildActionMask = 2147483647;
			files = (
			);
			inputPaths = (
			);
			name = "Embed Pods Frameworks";
			outputPaths = (
			);
			runOnlyForDeploymentPostprocessing = 0;
			shellPath = /bin/sh;
			shellScript = "\"${SRCROOT}/Pods/Target Support Files/Pods-UnitTest_Intro_TestsForKiwi/Pods-UnitTest_Intro_TestsForKiwi-frameworks.sh\"\n";
			showEnvVarsInLog = 0;
		};
		D3E45C42D30A171EBDA71BC1 /* Copy Pods Resources */ = {
			isa = PBXShellScriptBuildPhase;
			buildActionMask = 2147483647;
			files = (
			);
			inputPaths = (
			);
			name = "Copy Pods Resources";
			outputPaths = (
			);
			runOnlyForDeploymentPostprocessing = 0;
			shellPath = /bin/sh;
			shellScript = "\"${SRCROOT}/Pods/Target Support Files/Pods-UnitTest_Intro_TestsForKiwi/Pods-UnitTest_Intro_TestsForKiwi-resources.sh\"\n";
			showEnvVarsInLog = 0;
		};
/* End PBXShellScriptBuildPhase section */

/* Begin PBXSourcesBuildPhase section */
		E71ABD311CBF75CC002FA3DA /* Sources */ = {
			isa = PBXSourcesBuildPhase;
			buildActionMask = 2147483647;
			files = (
				E71ABD401CBF75CC002FA3DA /* ViewController.m in Sources */,
				E71ABD511CBF7603002FA3DA /* CreateEditNoteController.m in Sources */,
				E71ABD3D1CBF75CC002FA3DA /* AppDelegate.m in Sources */,
				E71ABD3A1CBF75CC002FA3DA /* main.m in Sources */,
			);
			runOnlyForDeploymentPostprocessing = 0;
		};
		EB01DDC81CC03A9800EC4F7D /* Sources */ = {
			isa = PBXSourcesBuildPhase;
			buildActionMask = 2147483647;
			files = (
				EB8503F01CC03D7300A725B5 /* SampleSpec.m in Sources */,
				EB01DDCF1CC03A9800EC4F7D /* UnitTest_Intro_TestsForKiwi.m in Sources */,
			);
			runOnlyForDeploymentPostprocessing = 0;
		};
/* End PBXSourcesBuildPhase section */

/* Begin PBXTargetDependency section */
		EB01DDD21CC03A9800EC4F7D /* PBXTargetDependency */ = {
			isa = PBXTargetDependency;
			target = E71ABD341CBF75CC002FA3DA /* UnitTest_Intro */;
			targetProxy = EB01DDD11CC03A9800EC4F7D /* PBXContainerItemProxy */;
		};
/* End PBXTargetDependency section */

/* Begin PBXVariantGroup section */
		E71ABD411CBF75CC002FA3DA /* Main.storyboard */ = {
			isa = PBXVariantGroup;
			children = (
				E71ABD421CBF75CC002FA3DA /* Base */,
			);
			name = Main.storyboard;
			sourceTree = "<group>";
		};
		E71ABD461CBF75CC002FA3DA /* LaunchScreen.storyboard */ = {
			isa = PBXVariantGroup;
			children = (
				E71ABD471CBF75CC002FA3DA /* Base */,
			);
			name = LaunchScreen.storyboard;
			sourceTree = "<group>";
		};
/* End PBXVariantGroup section */

/* Begin XCBuildConfiguration section */
		E71ABD4A1CBF75CC002FA3DA /* Debug */ = {
			isa = XCBuildConfiguration;
			buildSettings = {
				ALWAYS_SEARCH_USER_PATHS = NO;
				CLANG_ANALYZER_NONNULL = YES;
				CLANG_CXX_LANGUAGE_STANDARD = "gnu++0x";
				CLANG_CXX_LIBRARY = "libc++";
				CLANG_ENABLE_MODULES = YES;
				CLANG_ENABLE_OBJC_ARC = YES;
				CLANG_WARN_BOOL_CONVERSION = YES;
				CLANG_WARN_CONSTANT_CONVERSION = YES;
				CLANG_WARN_DIRECT_OBJC_ISA_USAGE = YES_ERROR;
				CLANG_WARN_EMPTY_BODY = YES;
				CLANG_WARN_ENUM_CONVERSION = YES;
				CLANG_WARN_INT_CONVERSION = YES;
				CLANG_WARN_OBJC_ROOT_CLASS = YES_ERROR;
				CLANG_WARN_UNREACHABLE_CODE = YES;
				CLANG_WARN__DUPLICATE_METHOD_MATCH = YES;
				"CODE_SIGN_IDENTITY[sdk=iphoneos*]" = "iPhone Developer";
				COPY_PHASE_STRIP = NO;
				DEBUG_INFORMATION_FORMAT = dwarf;
				ENABLE_STRICT_OBJC_MSGSEND = YES;
				ENABLE_TESTABILITY = YES;
				GCC_C_LANGUAGE_STANDARD = gnu99;
				GCC_DYNAMIC_NO_PIC = NO;
				GCC_NO_COMMON_BLOCKS = YES;
				GCC_OPTIMIZATION_LEVEL = 0;
				GCC_PREPROCESSOR_DEFINITIONS = (
					"DEBUG=1",
					"$(inherited)",
				);
				GCC_WARN_64_TO_32_BIT_CONVERSION = YES;
				GCC_WARN_ABOUT_RETURN_TYPE = YES_ERROR;
				GCC_WARN_UNDECLARED_SELECTOR = YES;
				GCC_WARN_UNINITIALIZED_AUTOS = YES_AGGRESSIVE;
				GCC_WARN_UNUSED_FUNCTION = YES;
				GCC_WARN_UNUSED_VARIABLE = YES;
				IPHONEOS_DEPLOYMENT_TARGET = 9.3;
				MTL_ENABLE_DEBUG_INFO = YES;
				ONLY_ACTIVE_ARCH = YES;
				SDKROOT = iphoneos;
				TARGETED_DEVICE_FAMILY = "1,2";
			};
			name = Debug;
		};
		E71ABD4B1CBF75CC002FA3DA /* Release */ = {
			isa = XCBuildConfiguration;
			buildSettings = {
				ALWAYS_SEARCH_USER_PATHS = NO;
				CLANG_ANALYZER_NONNULL = YES;
				CLANG_CXX_LANGUAGE_STANDARD = "gnu++0x";
				CLANG_CXX_LIBRARY = "libc++";
				CLANG_ENABLE_MODULES = YES;
				CLANG_ENABLE_OBJC_ARC = YES;
				CLANG_WARN_BOOL_CONVERSION = YES;
				CLANG_WARN_CONSTANT_CONVERSION = YES;
				CLANG_WARN_DIRECT_OBJC_ISA_USAGE = YES_ERROR;
				CLANG_WARN_EMPTY_BODY = YES;
				CLANG_WARN_ENUM_CONVERSION = YES;
				CLANG_WARN_INT_CONVERSION = YES;
				CLANG_WARN_OBJC_ROOT_CLASS = YES_ERROR;
				CLANG_WARN_UNREACHABLE_CODE = YES;
				CLANG_WARN__DUPLICATE_METHOD_MATCH = YES;
				"CODE_SIGN_IDENTITY[sdk=iphoneos*]" = "iPhone Developer";
				COPY_PHASE_STRIP = NO;
				DEBUG_INFORMATION_FORMAT = "dwarf-with-dsym";
				ENABLE_NS_ASSERTIONS = NO;
				ENABLE_STRICT_OBJC_MSGSEND = YES;
				GCC_C_LANGUAGE_STANDARD = gnu99;
				GCC_NO_COMMON_BLOCKS = YES;
				GCC_WARN_64_TO_32_BIT_CONVERSION = YES;
				GCC_WARN_ABOUT_RETURN_TYPE = YES_ERROR;
				GCC_WARN_UNDECLARED_SELECTOR = YES;
				GCC_WARN_UNINITIALIZED_AUTOS = YES_AGGRESSIVE;
				GCC_WARN_UNUSED_FUNCTION = YES;
				GCC_WARN_UNUSED_VARIABLE = YES;
				IPHONEOS_DEPLOYMENT_TARGET = 9.3;
				MTL_ENABLE_DEBUG_INFO = NO;
				SDKROOT = iphoneos;
				TARGETED_DEVICE_FAMILY = "1,2";
				VALIDATE_PRODUCT = YES;
			};
			name = Release;
		};
		E71ABD4D1CBF75CC002FA3DA /* Debug */ = {
			isa = XCBuildConfiguration;
			buildSettings = {
				ASSETCATALOG_COMPILER_APPICON_NAME = AppIcon;
				INFOPLIST_FILE = UnitTest_Intro/Info.plist;
				LD_RUNPATH_SEARCH_PATHS = "$(inherited) @executable_path/Frameworks";
				PRODUCT_BUNDLE_IDENTIFIER = "unify.UnitTest-Intro";
				PRODUCT_NAME = "$(TARGET_NAME)";
			};
			name = Debug;
		};
		E71ABD4E1CBF75CC002FA3DA /* Release */ = {
			isa = XCBuildConfiguration;
			buildSettings = {
				ASSETCATALOG_COMPILER_APPICON_NAME = AppIcon;
				INFOPLIST_FILE = UnitTest_Intro/Info.plist;
				LD_RUNPATH_SEARCH_PATHS = "$(inherited) @executable_path/Frameworks";
				PRODUCT_BUNDLE_IDENTIFIER = "unify.UnitTest-Intro";
				PRODUCT_NAME = "$(TARGET_NAME)";
			};
			name = Release;
		};
		EB01DDD31CC03A9800EC4F7D /* Debug */ = {
			isa = XCBuildConfiguration;
			baseConfigurationReference = DEFFE287A32C953CE3A9350C /* Pods-UnitTest_Intro_TestsForKiwi.debug.xcconfig */;
			buildSettings = {
				BUNDLE_LOADER = "$(TEST_HOST)";
				INFOPLIST_FILE = UnitTest_Intro_TestsForKiwi/Info.plist;
				LD_RUNPATH_SEARCH_PATHS = "$(inherited) @executable_path/Frameworks @loader_path/Frameworks";
				PRODUCT_BUNDLE_IDENTIFIER = "Che.UnitTest-Intro-TestsForKiwi";
				PRODUCT_NAME = "$(TARGET_NAME)";
				TEST_HOST = "$(BUILT_PRODUCTS_DIR)/UnitTest_Intro.app/UnitTest_Intro";
			};
			name = Debug;
		};
		EB01DDD41CC03A9800EC4F7D /* Release */ = {
			isa = XCBuildConfiguration;
			baseConfigurationReference = 5D028D85444C357C9A5214D1 /* Pods-UnitTest_Intro_TestsForKiwi.release.xcconfig */;
			buildSettings = {
				BUNDLE_LOADER = "$(TEST_HOST)";
				INFOPLIST_FILE = UnitTest_Intro_TestsForKiwi/Info.plist;
				LD_RUNPATH_SEARCH_PATHS = "$(inherited) @executable_path/Frameworks @loader_path/Frameworks";
				PRODUCT_BUNDLE_IDENTIFIER = "Che.UnitTest-Intro-TestsForKiwi";
				PRODUCT_NAME = "$(TARGET_NAME)";
				TEST_HOST = "$(BUILT_PRODUCTS_DIR)/UnitTest_Intro.app/UnitTest_Intro";
			};
			name = Release;
		};
/* End XCBuildConfiguration section */

/* Begin XCConfigurationList section */
		E71ABD301CBF75CC002FA3DA /* Build configuration list for PBXProject "UnitTest_Intro" */ = {
			isa = XCConfigurationList;
			buildConfigurations = (
				E71ABD4A1CBF75CC002FA3DA /* Debug */,
				E71ABD4B1CBF75CC002FA3DA /* Release */,
			);
			defaultConfigurationIsVisible = 0;
			defaultConfigurationName = Release;
		};
		E71ABD4C1CBF75CC002FA3DA /* Build configuration list for PBXNativeTarget "UnitTest_Intro" */ = {
			isa = XCConfigurationList;
			buildConfigurations = (
				E71ABD4D1CBF75CC002FA3DA /* Debug */,
				E71ABD4E1CBF75CC002FA3DA /* Release */,
			);
			defaultConfigurationIsVisible = 0;
			defaultConfigurationName = Release;
		};
		EB01DDD51CC03A9800EC4F7D /* Build configuration list for PBXNativeTarget "UnitTest_Intro_TestsForKiwi" */ = {
			isa = XCConfigurationList;
			buildConfigurations = (
				EB01DDD31CC03A9800EC4F7D /* Debug */,
				EB01DDD41CC03A9800EC4F7D /* Release */,
			);
			defaultConfigurationIsVisible = 0;
			defaultConfigurationName = Release;
		};
/* End XCConfigurationList section */
	};
	rootObject = E71ABD2D1CBF75CC002FA3DA /* Project object */;
}
